
Microsoft Visual Studio Solution File, Format Version 12.00
# Visual Studio Version 17
VisualStudioVersion = 17.14.36301.6 d17.14
MinimumVisualStudioVersion = 10.0.40219.1
Project("{FAE04EC0-301F-11D3-BF4B-00C04F79EFBC}") = "SafeVault.Web", "SafeVault.Web\SafeVault.Web.csproj", "{69580D14-242E-4FC3-9ED0-47DF2A6A71D8}"
EndProject
Project("{FAE04EC0-301F-11D3-BF4B-00C04F79EFBC}") = "SafeVault.Data", "SafeVault.Data\SafeVault.Data.csproj", "{FDC33C32-E030-4F1F-B611-DCF4ADF4E9A0}"
EndProject
Project("{FAE04EC0-301F-11D3-BF4B-00C04F79EFBC}") = "SafeVault.Tests", "SafeVault.Tests\SafeVault.Tests.csproj", "{070B7E72-61D7-4E63-AF78-D894AFF29FD0}"
EndProject
Global
	GlobalSection(SolutionConfigurationPlatforms) = preSolution
		Debug|Any CPU = Debug|Any CPU
		Release|Any CPU = Release|Any CPU
	EndGlobalSection
	GlobalSection(ProjectConfigurationPlatforms) = postSolution
		{69580D14-242E-4FC3-9ED0-47DF2A6A71D8}.Debug|Any CPU.ActiveCfg = Debug|Any CPU
		{69580D14-242E-4FC3-9ED0-47DF2A6A71D8}.Debug|Any CPU.Build.0 = Debug|Any CPU
		{69580D14-242E-4FC3-9ED0-47DF2A6A71D8}.Release|Any CPU.ActiveCfg = Release|Any CPU
		{69580D14-242E-4FC3-9ED0-47DF2A6A71D8}.Release|Any CPU.Build.0 = Release|Any CPU
		{FDC33C32-E030-4F1F-B611-DCF4ADF4E9A0}.Debug|Any CPU.ActiveCfg = Debug|Any CPU
		{FDC33C32-E030-4F1F-B611-DCF4ADF4E9A0}.Debug|Any CPU.Build.0 = Debug|Any CPU
		{FDC33C32-E030-4F1F-B611-DCF4ADF4E9A0}.Release|Any CPU.ActiveCfg = Release|Any CPU
		{FDC33C32-E030-4F1F-B611-DCF4ADF4E9A0}.Release|Any CPU.Build.0 = Release|Any CPU
		{070B7E72-61D7-4E63-AF78-D894AFF29FD0}.Debug|Any CPU.ActiveCfg = Debug|Any CPU
		{070B7E72-61D7-4E63-AF78-D894AFF29FD0}.Debug|Any CPU.Build.0 = Debug|Any CPU
		{070B7E72-61D7-4E63-AF78-D894AFF29FD0}.Release|Any CPU.ActiveCfg = Release|Any CPU
		{070B7E72-61D7-4E63-AF78-D894AFF29FD0}.Release|Any CPU.Build.0 = Release|Any CPU
	EndGlobalSection
	GlobalSection(SolutionProperties) = preSolution
		HideSolutionNode = FALSE
	EndGlobalSection
	GlobalSection(ExtensibilityGlobals) = postSolution
		SolutionGuid = {7CB5209F-6AB5-4160-BF78-81CB161F2491}
	EndGlobalSection
EndGlobal
